
Microsoft Visual Studio Solution File, Format Version 12.00
# Visual Studio Version 17
VisualStudioVersion = 17.1.32319.34
MinimumVisualStudioVersion = 10.0.40219.1
Project("{FAE04EC0-301F-11D3-BF4B-00C04F79EFBC}") = "ClasseGeneration", "ClasseGeneration\ClasseGeneration.csproj", "{1C3627CC-041E-43CE-91EF-9EE94A399ACE}"
EndProject
Global
	GlobalSection(SolutionConfigurationPlatforms) = preSolution
		Debug|Any CPU = Debug|Any CPU
		Release|Any CPU = Release|Any CPU
	EndGlobalSection
	GlobalSection(ProjectConfigurationPlatforms) = postSolution
		{1C3627CC-041E-43CE-91EF-9EE94A399ACE}.Debug|Any CPU.ActiveCfg = Debug|Any CPU
		{1C3627CC-041E-43CE-91EF-9EE94A399ACE}.Debug|Any CPU.Build.0 = Debug|Any CPU
		{1C3627CC-041E-43CE-91EF-9EE94A399ACE}.Release|Any CPU.ActiveCfg = Release|Any CPU
		{1C3627CC-041E-43CE-91EF-9EE94A399ACE}.Release|Any CPU.Build.0 = Release|Any CPU
	EndGlobalSection
	GlobalSection(SolutionProperties) = preSolution
		HideSolutionNode = FALSE
	EndGlobalSection
	GlobalSection(ExtensibilityGlobals) = postSolution
		SolutionGuid = {10179E1C-8B18-4936-BE86-264AC88688CF}
	EndGlobalSection
EndGlobal
